
Microsoft Visual Studio Solution File, Format Version 12.00
# Visual Studio 15
Project("{FAE04EC0-301F-11D3-BF4B-00C04F79EFBC}") = "Assembly-CSharp", "Assembly-CSharp.csproj", "{BE92E54F-D6C6-A039-22E4-B9DFF5A2B84F}"
EndProject
Project("{FAE04EC0-301F-11D3-BF4B-00C04F79EFBC}") = "Assembly-CSharp-Editor", "Assembly-CSharp-Editor.csproj", "{E203A411-DA3E-449C-04A8-74D63D8446DF}"
EndProject
Global
	GlobalSection(SolutionConfigurationPlatforms) = preSolution
		Debug|Any CPU = Debug|Any CPU
		Release|Any CPU = Release|Any CPU
	EndGlobalSection
	GlobalSection(ProjectConfigurationPlatforms) = postSolution
		{BE92E54F-D6C6-A039-22E4-B9DFF5A2B84F}.Debug|Any CPU.ActiveCfg = Debug|Any CPU
		{BE92E54F-D6C6-A039-22E4-B9DFF5A2B84F}.Debug|Any CPU.Build.0 = Debug|Any CPU
		{BE92E54F-D6C6-A039-22E4-B9DFF5A2B84F}.Release|Any CPU.ActiveCfg = Release|Any CPU
		{BE92E54F-D6C6-A039-22E4-B9DFF5A2B84F}.Release|Any CPU.Build.0 = Release|Any CPU
		{E203A411-DA3E-449C-04A8-74D63D8446DF}.Debug|Any CPU.ActiveCfg = Debug|Any CPU
		{E203A411-DA3E-449C-04A8-74D63D8446DF}.Debug|Any CPU.Build.0 = Debug|Any CPU
		{E203A411-DA3E-449C-04A8-74D63D8446DF}.Release|Any CPU.ActiveCfg = Release|Any CPU
		{E203A411-DA3E-449C-04A8-74D63D8446DF}.Release|Any CPU.Build.0 = Release|Any CPU
	EndGlobalSection
	GlobalSection(SolutionProperties) = preSolution
		HideSolutionNode = FALSE
	EndGlobalSection
EndGlobal
